
Microsoft Visual Studio Solution File, Format Version 12.00
# Visual Studio Version 17
VisualStudioVersion = 17.2.32505.173
MinimumVisualStudioVersion = 10.0.40219.1
Project("{FAE04EC0-301F-11D3-BF4B-00C04F79EFBC}") = "FillCurs", "FillCurs\FillCurs.csproj", "{BB5CDDEF-B7C0-41BF-8C4B-2ADC044739FA}"
EndProject
Global
	GlobalSection(SolutionConfigurationPlatforms) = preSolution
		Debug|Any CPU = Debug|Any CPU
		Release|Any CPU = Release|Any CPU
	EndGlobalSection
	GlobalSection(ProjectConfigurationPlatforms) = postSolution
		{BB5CDDEF-B7C0-41BF-8C4B-2ADC044739FA}.Debug|Any CPU.ActiveCfg = Debug|Any CPU
		{BB5CDDEF-B7C0-41BF-8C4B-2ADC044739FA}.Debug|Any CPU.Build.0 = Debug|Any CPU
		{BB5CDDEF-B7C0-41BF-8C4B-2ADC044739FA}.Release|Any CPU.ActiveCfg = Release|Any CPU
		{BB5CDDEF-B7C0-41BF-8C4B-2ADC044739FA}.Release|Any CPU.Build.0 = Release|Any CPU
	EndGlobalSection
	GlobalSection(SolutionProperties) = preSolution
		HideSolutionNode = FALSE
	EndGlobalSection
	GlobalSection(ExtensibilityGlobals) = postSolution
		SolutionGuid = {B227E67C-59D8-4455-9A28-4D2727D2F8F0}
	EndGlobalSection
EndGlobal
